version: 6
environments:
  default:
    channels:
    - url: https://conda.anaconda.org/conda-forge/
    options:
      pypi-prerelease-mode: if-necessary-or-explicit
    packages:
      linux-64:
      - conda: https://conda.anaconda.org/conda-forge/linux-64/_openmp_mutex-4.5-20_gnu.conda
      - conda: https://conda.anaconda.org/conda-forge/noarch/annotated-types-0.7.0-pyhd8ed1ab_1.conda
      - conda: https://conda.anaconda.org/conda-forge/linux-64/bcrypt-5.0.0-py312h868fb18_1.conda
      - conda: https://conda.anaconda.org/conda-forge/linux-64/bzip2-1.0.8-hda65f42_9.conda
      - conda: https://conda.anaconda.org/conda-forge/noarch/ca-certificates-2026.2.25-hbd8a1cb_0.conda
      - conda: https://conda.anaconda.org/conda-forge/linux-64/cffi-2.0.0-py312h460c074_1.conda
      - conda: https://conda.anaconda.org/conda-forge/noarch/colorama-0.4.6-pyhd8ed1ab_1.conda
      - conda: https://conda.anaconda.org/conda-forge/noarch/copier-9.14.0-pyhcf101f3_0.conda
      - conda: https://conda.anaconda.org/conda-forge/linux-64/cryptography-46.0.5-py312ha4b625e_0.conda
      - conda: https://conda.anaconda.org/conda-forge/noarch/dunamai-1.26.0-pyhd8ed1ab_0.conda
      - conda: https://conda.anaconda.org/conda-forge/noarch/eval-type-backport-0.2.2-pyhd8ed1ab_0.conda
      - conda: https://conda.anaconda.org/conda-forge/noarch/eval_type_backport-0.2.2-pyha770c72_0.conda
      - conda: https://conda.anaconda.org/conda-forge/noarch/funcy-2.0-pyhd8ed1ab_1.conda
      - conda: https://conda.anaconda.org/conda-forge/linux-64/icu-78.3-h33c6efd_0.conda
      - conda: https://conda.anaconda.org/conda-forge/noarch/importlib-metadata-8.7.0-pyhe01879c_1.conda
      - conda: https://conda.anaconda.org/conda-forge/noarch/importlib_resources-6.5.2-pyhd8ed1ab_0.conda
      - conda: https://conda.anaconda.org/conda-forge/noarch/invoke-2.2.1-pyhd8ed1ab_0.conda
      - conda: https://conda.anaconda.org/conda-forge/noarch/jinja2-3.1.6-pyhcf101f3_1.conda
      - conda: https://conda.anaconda.org/conda-forge/noarch/jinja2-ansible-filters-1.3.2-pyhd8ed1ab_1.conda
      - conda: https://conda.anaconda.org/conda-forge/linux-64/ld_impl_linux-64-2.45.1-default_hbd61a6d_101.conda
      - conda: https://conda.anaconda.org/conda-forge/linux-64/libexpat-2.7.4-hecca717_0.conda
      - conda: https://conda.anaconda.org/conda-forge/linux-64/libffi-3.5.2-h3435931_0.conda
      - conda: https://conda.anaconda.org/conda-forge/linux-64/libgcc-15.2.0-he0feb66_18.conda
      - conda: https://conda.anaconda.org/conda-forge/linux-64/libgcc-ng-15.2.0-h69a702a_18.conda
      - conda: https://conda.anaconda.org/conda-forge/linux-64/libgomp-15.2.0-he0feb66_18.conda
      - conda: https://conda.anaconda.org/conda-forge/linux-64/liblzma-5.8.2-hb03c661_0.conda
      - conda: https://conda.anaconda.org/conda-forge/linux-64/liblzma-devel-5.8.2-hb03c661_0.conda
      - conda: https://conda.anaconda.org/conda-forge/linux-64/libnsl-2.0.1-hb9d3cd8_1.conda
      - conda: https://conda.anaconda.org/conda-forge/linux-64/libsodium-1.0.21-h280c20c_3.conda
      - conda: https://conda.anaconda.org/conda-forge/linux-64/libsqlite-3.52.0-hf4e2dac_0.conda
      - conda: https://conda.anaconda.org/conda-forge/linux-64/libstdcxx-15.2.0-h934c35e_18.conda
      - conda: https://conda.anaconda.org/conda-forge/linux-64/libuuid-2.41.3-h5347b49_0.conda
      - conda: https://conda.anaconda.org/conda-forge/linux-64/libzlib-1.3.1-hb9d3cd8_2.conda
      - conda: https://conda.anaconda.org/conda-forge/linux-64/markupsafe-3.0.3-py312h8a5da7c_1.conda
      - conda: https://conda.anaconda.org/conda-forge/linux-64/ncurses-6.5-h2d0b736_3.conda
      - conda: https://conda.anaconda.org/conda-forge/linux-64/openssl-3.6.1-h35e630c_1.conda
      - conda: https://conda.anaconda.org/conda-forge/noarch/packaging-26.0-pyhcf101f3_0.conda
      - conda: https://conda.anaconda.org/conda-forge/noarch/paramiko-4.0.0-pyhd8ed1ab_0.conda
      - conda: https://conda.anaconda.org/conda-forge/noarch/pathspec-1.0.4-pyhd8ed1ab_0.conda
      - conda: https://conda.anaconda.org/conda-forge/noarch/platformdirs-4.9.4-pyhcf101f3_0.conda
      - conda: https://conda.anaconda.org/conda-forge/noarch/plumbum-1.10.0-pyhcf101f3_0.conda
      - conda: https://conda.anaconda.org/conda-forge/noarch/prompt-toolkit-3.0.51-pyha770c72_0.conda
      - conda: https://conda.anaconda.org/conda-forge/noarch/prompt_toolkit-3.0.51-hd8ed1ab_0.conda
      - conda: https://conda.anaconda.org/conda-forge/noarch/pycparser-2.22-pyh29332c3_1.conda
      - conda: https://conda.anaconda.org/conda-forge/noarch/pydantic-2.12.5-pyhcf101f3_1.conda
      - conda: https://conda.anaconda.org/conda-forge/linux-64/pydantic-core-2.41.5-py312h868fb18_1.conda
      - conda: https://conda.anaconda.org/conda-forge/noarch/pygments-2.19.2-pyhd8ed1ab_0.conda
      - conda: https://conda.anaconda.org/conda-forge/linux-64/pynacl-1.6.2-py312h587e1b2_1.conda
      - conda: https://conda.anaconda.org/conda-forge/linux-64/python-3.12.0-hab00c5b_0_cpython.conda
      - conda: https://conda.anaconda.org/conda-forge/noarch/python_abi-3.12-8_cp312.conda
      - conda: https://conda.anaconda.org/conda-forge/noarch/pywin32-on-windows-0.1.0-pyh1179c8e_3.tar.bz2
      - conda: https://conda.anaconda.org/conda-forge/linux-64/pyyaml-6.0.3-py312h8a5da7c_1.conda
      - conda: https://conda.anaconda.org/conda-forge/noarch/questionary-2.1.1-pyhd8ed1ab_0.conda
      - conda: https://conda.anaconda.org/conda-forge/linux-64/readline-8.3-h853b02a_0.conda
      - conda: https://conda.anaconda.org/conda-forge/noarch/six-1.17.0-pyhe01879c_1.conda
      - conda: https://conda.anaconda.org/conda-forge/linux-64/tk-8.6.13-noxft_h366c992_103.conda
      - conda: https://conda.anaconda.org/conda-forge/noarch/typing-extensions-4.15.0-h396c80c_0.conda
      - conda: https://conda.anaconda.org/conda-forge/noarch/typing-inspection-0.4.2-pyhd8ed1ab_1.conda
      - conda: https://conda.anaconda.org/conda-forge/noarch/typing_extensions-4.15.0-pyhcf101f3_0.conda
      - conda: https://conda.anaconda.org/conda-forge/noarch/tzdata-2025c-hc9c84f9_1.conda
      - conda: https://conda.anaconda.org/conda-forge/noarch/wcwidth-0.6.0-pyhd8ed1ab_0.conda
      - conda: https://conda.anaconda.org/conda-forge/linux-64/xz-5.8.2-ha02ee65_0.conda
      - conda: https://conda.anaconda.org/conda-forge/linux-64/xz-gpl-tools-5.8.2-ha02ee65_0.conda
      - conda: https://conda.anaconda.org/conda-forge/linux-64/xz-tools-5.8.2-hb03c661_0.conda
      - conda: https://conda.anaconda.org/conda-forge/linux-64/yaml-0.2.5-h280c20c_3.conda
      - conda: https://conda.anaconda.org/conda-forge/noarch/zipp-3.23.0-pyhcf101f3_1.conda
      - conda: https://conda.anaconda.org/conda-forge/linux-64/zstd-1.5.7-hb78ec9c_6.conda
packages:
- conda: https://conda.anaconda.org/conda-forge/linux-64/_openmp_mutex-4.5-20_gnu.conda
  build_number: 20
  sha256: 1dd3fffd892081df9726d7eb7e0dea6198962ba775bd88842135a4ddb4deb3c9
  md5: a9f577daf3de00bca7c3c76c0ecbd1de
  depends:
  - __glibc >=2.17,<3.0.a0
  - libgomp >=7.5.0
  constrains:
  - openmp_impl <0.0a0
  license: BSD-3-Clause
  license_family: BSD
  size: 28948
  timestamp: 1770939786096
- conda: https://conda.anaconda.org/conda-forge/noarch/annotated-types-0.7.0-pyhd8ed1ab_1.conda
  sha256: e0ea1ba78fbb64f17062601edda82097fcf815012cf52bb704150a2668110d48
  md5: 2934f256a8acfe48f6ebb4fce6cde29c
  depends:
  - python >=3.9
  - typing-extensions >=4.0.0
  license: MIT
  license_family: MIT
  size: 18074
  timestamp: 1733247158254
- conda: https://conda.anaconda.org/conda-forge/linux-64/bcrypt-5.0.0-py312h868fb18_1.conda
  sha256: 22020286e3d27eba7c9efef79c1020782885992aea0e7d28d7274c4405001521
  md5: 8fbbd949c452efde5a75b62b22a88938
  depends:
  - python
  - __glibc >=2.17,<3.0.a0
  - libgcc >=14
  - python_abi 3.12.* *_cp312
  constrains:
  - __glibc >=2.17
  license: Apache-2.0
  license_family: APACHE
  size: 292835
  timestamp: 1762497719397
- conda: https://conda.anaconda.org/conda-forge/linux-64/bzip2-1.0.8-hda65f42_9.conda
  sha256: 0b75d45f0bba3e95dc693336fa51f40ea28c980131fec438afb7ce6118ed05f6
  md5: d2ffd7602c02f2b316fd921d39876885
  depends:
  - __glibc >=2.17,<3.0.a0
  - libgcc >=14
  license: bzip2-1.0.6
  license_family: BSD
  size: 260182
  timestamp: 1771350215188
- conda: https://conda.anaconda.org/conda-forge/noarch/ca-certificates-2026.2.25-hbd8a1cb_0.conda
  sha256: 67cc7101b36421c5913a1687ef1b99f85b5d6868da3abbf6ec1a4181e79782fc
  md5: 4492fd26db29495f0ba23f146cd5638d
  depends:
  - __unix
  license: ISC
  size: 147413
  timestamp: 1772006283803
- conda: https://conda.anaconda.org/conda-forge/linux-64/cffi-2.0.0-py312h460c074_1.conda
  sha256: 7dafe8173d5f94e46cf9cd597cc8ff476a8357fbbd4433a8b5697b2864845d9c
  md5: 648ee28dcd4e07a1940a17da62eccd40
  depends:
  - __glibc >=2.17,<3.0.a0
  - libffi >=3.5.2,<3.6.0a0
  - libgcc >=14
  - pycparser
  - python >=3.12,<3.13.0a0
  - python_abi 3.12.* *_cp312
  license: MIT
  license_family: MIT
  size: 295716
  timestamp: 1761202958833
- conda: https://conda.anaconda.org/conda-forge/noarch/colorama-0.4.6-pyhd8ed1ab_1.conda
  sha256: ab29d57dc70786c1269633ba3dff20288b81664d3ff8d21af995742e2bb03287
  md5: 962b9857ee8e7018c22f2776ffa0b2d7
  depends:
  - python >=3.9
  license: BSD-3-Clause
  license_family: BSD
  size: 27011
  timestamp: 1733218222191
- conda: https://conda.anaconda.org/conda-forge/noarch/copier-9.14.0-pyhcf101f3_0.conda
  sha256: c3b925622bde550b299f8f1558d41e12f8b5de0d7cced9679bb320212f7e49d5
  md5: a6413d225d2d0c02d47c82b3ed7c6d12
  depends:
  - python >=3.10
  - colorama >=0.4.6
  - dunamai >=1.7.0
  - funcy >=1.17
  - jinja2 >=3.1.5
  - jinja2-ansible-filters >=1.3.1
  - packaging >=23.0
  - pathspec >=0.9.0
  - plumbum >=1.6.9
  - prompt-toolkit <3.0.52
  - pydantic >=2.4.2
  - pygments >=2.7.1
  - pyyaml >=5.3.1
  - questionary >=1.8.1
  - eval-type-backport >=0.1.3,<0.3.0
  - platformdirs >=4.3.6
  - typing_extensions >=4.0.0,<5.0.0
  - python
  license: MIT
  license_family: MIT
  size: 55911
  timestamp: 1773504536549
- conda: https://conda.anaconda.org/conda-forge/linux-64/cryptography-46.0.5-py312ha4b625e_0.conda
  sha256: 3a20020b7c9efbabfbfdd726ff303df81159e0c3a41a40ef8b37c3ce161a7849
  md5: 4c69182866fcdd2fc335885b8f0ac192
  depends:
  - __glibc >=2.17,<3.0.a0
  - cffi >=1.14
  - libgcc >=14
  - openssl >=3.5.5,<4.0a0
  - python >=3.12,<3.13.0a0
  - python_abi 3.12.* *_cp312
  constrains:
  - __glibc >=2.17
  license: Apache-2.0 AND BSD-3-Clause AND PSF-2.0 AND MIT
  license_family: BSD
  size: 1712251
  timestamp: 1770772759286
- conda: https://conda.anaconda.org/conda-forge/noarch/dunamai-1.26.0-pyhd8ed1ab_0.conda
  sha256: 8fc5c4879d95e64779551c2b0b734ee1685431014578702c14301cdb886c320a
  md5: 50ebe9b5cceffc32858c5233196229d2
  depends:
  - importlib-metadata >=1.6.0
  - packaging >=20.9
  - python >=3.10
  license: MIT
  license_family: MIT
  size: 30908
  timestamp: 1771368088811
- conda: https://conda.anaconda.org/conda-forge/noarch/eval-type-backport-0.2.2-pyhd8ed1ab_0.conda
  sha256: 05ffdcb83903c159bfbb78a07fbcce6fd6dda41df9c55ed75e0eb1db5528048f
  md5: 879479fda1dddb002fdc4885cea33740
  depends:
  - eval_type_backport >=0.2.2,<0.2.3.0a0
  - python >=3.9
  license: MIT
  license_family: MIT
  size: 6662
  timestamp: 1734857849281
- conda: https://conda.anaconda.org/conda-forge/noarch/eval_type_backport-0.2.2-pyha770c72_0.conda
  sha256: 2d721421a60676216e10837a240c75e2190e093920a4016a469fa9a62c95ab5f
  md5: 8681d7f876da5e66a1c7fce424509383
  depends:
  - python >=3.9
  constrains:
  - eval-type-backport >=0.2.2,<0.2.3.0a0
  license: MIT
  license_family: MIT
  size: 11520
  timestamp: 1734857840035
- conda: https://conda.anaconda.org/conda-forge/noarch/funcy-2.0-pyhd8ed1ab_1.conda
  sha256: 4a3e3e86b7b49aaa2a0faa57da2bcf39f7ee858499e8335132f83bfeed79191e
  md5: 84f8955e99a8944fdee49da39edb0add
  depends:
  - python >=3.9
  license: BSD-3-Clause
  license_family: BSD
  size: 30249
  timestamp: 1734381235500
- conda: https://conda.anaconda.org/conda-forge/linux-64/icu-78.3-h33c6efd_0.conda
  sha256: fbf86c4a59c2ed05bbffb2ba25c7ed94f6185ec30ecb691615d42342baa1a16a
  md5: c80d8a3b84358cb967fa81e7075fbc8a
  depends:
  - __glibc >=2.17,<3.0.a0
  - libgcc >=14
  - libstdcxx >=14
  license: MIT
  license_family: MIT
  size: 12723451
  timestamp: 1773822285671
- conda: https://conda.anaconda.org/conda-forge/noarch/importlib-metadata-8.7.0-pyhe01879c_1.conda
  sha256: c18ab120a0613ada4391b15981d86ff777b5690ca461ea7e9e49531e8f374745
  md5: 63ccfdc3a3ce25b027b8767eb722fca8
  depends:
  - python >=3.9
  - zipp >=3.20
  - python
  license: Apache-2.0
  license_family: APACHE
  size: 34641
  timestamp: 1747934053147
- conda: https://conda.anaconda.org/conda-forge/noarch/importlib_resources-6.5.2-pyhd8ed1ab_0.conda
  sha256: acc1d991837c0afb67c75b77fdc72b4bf022aac71fedd8b9ea45918ac9b08a80
  md5: c85c76dc67d75619a92f51dfbce06992
  depends:
  - python >=3.9
  - zipp >=3.1.0
  constrains:
  - importlib-resources >=6.5.2,<6.5.3.0a0
  license: Apache-2.0
  license_family: APACHE
  size: 33781
  timestamp: 1736252433366
- conda: https://conda.anaconda.org/conda-forge/noarch/invoke-2.2.1-pyhd8ed1ab_0.conda
  sha256: 5a4e3a01f626c8de15ddada622d364e94ff28e8d6bdedf1665442ef03a4e0140
  md5: 3a804714ed59be1969ffca10f703ec2a
  depends:
  - python >=3.10
  license: BSD-2-Clause
  license_family: BSD
  size: 132825
  timestamp: 1760146119847
- conda: https://conda.anaconda.org/conda-forge/noarch/jinja2-3.1.6-pyhcf101f3_1.conda
  sha256: fc9ca7348a4f25fed2079f2153ecdcf5f9cf2a0bc36c4172420ca09e1849df7b
  md5: 04558c96691bed63104678757beb4f8d
  depends:
  - markupsafe >=2.0
  - python >=3.10
  - python
  license: BSD-3-Clause
  license_family: BSD
  size: 120685
  timestamp: 1764517220861
- conda: https://conda.anaconda.org/conda-forge/noarch/jinja2-ansible-filters-1.3.2-pyhd8ed1ab_1.conda
  sha256: a36789229ca9ce5315265b9d425abce9acb4691f5864aea69e935020545a9acb
  md5: 974c5b3e353f031cfcf2365c9d375926
  depends:
  - jinja2
  - python >=3.9
  - pyyaml
  license: BSD-2-Clause
  license_family: BSD
  size: 20315
  timestamp: 1734906203051
- conda: https://conda.anaconda.org/conda-forge/linux-64/ld_impl_linux-64-2.45.1-default_hbd61a6d_101.conda
  sha256: 565941ac1f8b0d2f2e8f02827cbca648f4d18cd461afc31f15604cd291b5c5f3
  md5: 12bd9a3f089ee6c9266a37dab82afabd
  depends:
  - __glibc >=2.17,<3.0.a0
  - zstd >=1.5.7,<1.6.0a0
  constrains:
  - binutils_impl_linux-64 2.45.1
  license: GPL-3.0-only
  license_family: GPL
  size: 725507
  timestamp: 1770267139900
- conda: https://conda.anaconda.org/conda-forge/linux-64/libexpat-2.7.4-hecca717_0.conda
  sha256: d78f1d3bea8c031d2f032b760f36676d87929b18146351c4464c66b0869df3f5
  md5: e7f7ce06ec24cfcfb9e36d28cf82ba57
  depends:
  - __glibc >=2.17,<3.0.a0
  - libgcc >=14
  constrains:
  - expat 2.7.4.*
  license: MIT
  license_family: MIT
  size: 76798
  timestamp: 1771259418166
- conda: https://conda.anaconda.org/conda-forge/linux-64/libffi-3.5.2-h3435931_0.conda
  sha256: 31f19b6a88ce40ebc0d5a992c131f57d919f73c0b92cd1617a5bec83f6e961e6
  md5: a360c33a5abe61c07959e449fa1453eb
  depends:
  - __glibc >=2.17,<3.0.a0
  - libgcc >=14
  license: MIT
  license_family: MIT
  size: 58592
  timestamp: 1769456073053
- conda: https://conda.anaconda.org/conda-forge/linux-64/libgcc-15.2.0-he0feb66_18.conda
  sha256: faf7d2017b4d718951e3a59d081eb09759152f93038479b768e3d612688f83f5
  md5: 0aa00f03f9e39fb9876085dee11a85d4
  depends:
  - __glibc >=2.17,<3.0.a0
  - _openmp_mutex >=4.5
  constrains:
  - libgcc-ng ==15.2.0=*_18
  - libgomp 15.2.0 he0feb66_18
  license: GPL-3.0-only WITH GCC-exception-3.1
  license_family: GPL
  size: 1041788
  timestamp: 1771378212382
- conda: https://conda.anaconda.org/conda-forge/linux-64/libgcc-ng-15.2.0-h69a702a_18.conda
  sha256: e318a711400f536c81123e753d4c797a821021fb38970cebfb3f454126016893
  md5: d5e96b1ed75ca01906b3d2469b4ce493
  depends:
  - libgcc 15.2.0 he0feb66_18
  license: GPL-3.0-only WITH GCC-exception-3.1
  license_family: GPL
  size: 27526
  timestamp: 1771378224552
- conda: https://conda.anaconda.org/conda-forge/linux-64/libgomp-15.2.0-he0feb66_18.conda
  sha256: 21337ab58e5e0649d869ab168d4e609b033509de22521de1bfed0c031bfc5110
  md5: 239c5e9546c38a1e884d69effcf4c882
  depends:
  - __glibc >=2.17,<3.0.a0
  license: GPL-3.0-only WITH GCC-exception-3.1
  license_family: GPL
  size: 603262
  timestamp: 1771378117851
- conda: https://conda.anaconda.org/conda-forge/linux-64/liblzma-5.8.2-hb03c661_0.conda
  sha256: 755c55ebab181d678c12e49cced893598f2bab22d582fbbf4d8b83c18be207eb
  md5: c7c83eecbb72d88b940c249af56c8b17
  depends:
  - __glibc >=2.17,<3.0.a0
  - libgcc >=14
  constrains:
  - xz 5.8.2.*
  license: 0BSD
  size: 113207
  timestamp: 1768752626120
- conda: https://conda.anaconda.org/conda-forge/linux-64/liblzma-devel-5.8.2-hb03c661_0.conda
  sha256: dd246f80c9c1c27b87e586c33cf36db9340fb8078e9b805429063c2af54d34a4
  md5: de60549ba9d8921dff3afa4b179e2a4b
  depends:
  - __glibc >=2.17,<3.0.a0
  - libgcc >=14
  - liblzma 5.8.2 hb03c661_0
  license: 0BSD
  size: 465085
  timestamp: 1768752643506
- conda: https://conda.anaconda.org/conda-forge/linux-64/libnsl-2.0.1-hb9d3cd8_1.conda
  sha256: 927fe72b054277cde6cb82597d0fcf6baf127dcbce2e0a9d8925a68f1265eef5
  md5: d864d34357c3b65a4b731f78c0801dc4
  depends:
  - __glibc >=2.17,<3.0.a0
  - libgcc >=13
  license: LGPL-2.1-only
  license_family: GPL
  size: 33731
  timestamp: 1750274110928
- conda: https://conda.anaconda.org/conda-forge/linux-64/libsodium-1.0.21-h280c20c_3.conda
  sha256: 64e5c80cbce4680a2d25179949739a6def695d72c40ca28f010711764e372d97
  md5: 7af961ef4aa2c1136e11dd43ded245ab
  depends:
  - libgcc >=14
  - __glibc >=2.17,<3.0.a0
  license: ISC
  size: 277661
  timestamp: 1772479381288
- conda: https://conda.anaconda.org/conda-forge/linux-64/libsqlite-3.52.0-hf4e2dac_0.conda
  sha256: d716847b7deca293d2e49ed1c8ab9e4b9e04b9d780aea49a97c26925b28a7993
  md5: fd893f6a3002a635b5e50ceb9dd2c0f4
  depends:
  - __glibc >=2.17,<3.0.a0
  - icu >=78.2,<79.0a0
  - libgcc >=14
  - libzlib >=1.3.1,<2.0a0
  license: blessing
  size: 951405
  timestamp: 1772818874251
- conda: https://conda.anaconda.org/conda-forge/linux-64/libstdcxx-15.2.0-h934c35e_18.conda
  sha256: 78668020064fdaa27e9ab65cd2997e2c837b564ab26ce3bf0e58a2ce1a525c6e
  md5: 1b08cd684f34175e4514474793d44bcb
  depends:
  - __glibc >=2.17,<3.0.a0
  - libgcc 15.2.0 he0feb66_18
  constrains:
  - libstdcxx-ng ==15.2.0=*_18
  license: GPL-3.0-only WITH GCC-exception-3.1
  license_family: GPL
  size: 5852330
  timestamp: 1771378262446
- conda: https://conda.anaconda.org/conda-forge/linux-64/libuuid-2.41.3-h5347b49_0.conda
  sha256: 1a7539cfa7df00714e8943e18de0b06cceef6778e420a5ee3a2a145773758aee
  md5: db409b7c1720428638e7c0d509d3e1b5
  depends:
  - __glibc >=2.17,<3.0.a0
  - libgcc >=14
  license: BSD-3-Clause
  license_family: BSD
  size: 40311
  timestamp: 1766271528534
- conda: https://conda.anaconda.org/conda-forge/linux-64/libzlib-1.3.1-hb9d3cd8_2.conda
  sha256: d4bfe88d7cb447768e31650f06257995601f89076080e76df55e3112d4e47dc4
  md5: edb0dca6bc32e4f4789199455a1dbeb8
  depends:
  - __glibc >=2.17,<3.0.a0
  - libgcc >=13
  constrains:
  - zlib 1.3.1 *_2
  license: Zlib
  license_family: Other
  size: 60963
  timestamp: 1727963148474
- conda: https://conda.anaconda.org/conda-forge/linux-64/markupsafe-3.0.3-py312h8a5da7c_1.conda
  sha256: 5f3aad1f3a685ed0b591faad335957dbdb1b73abfd6fc731a0d42718e0653b33
  md5: 93a4752d42b12943a355b682ee43285b
  depends:
  - __glibc >=2.17,<3.0.a0
  - libgcc >=14
  - python >=3.12,<3.13.0a0
  - python_abi 3.12.* *_cp312
  constrains:
  - jinja2 >=3.0.0
  license: BSD-3-Clause
  license_family: BSD
  size: 26057
  timestamp: 1772445297924
- conda: https://conda.anaconda.org/conda-forge/linux-64/ncurses-6.5-h2d0b736_3.conda
  sha256: 3fde293232fa3fca98635e1167de6b7c7fda83caf24b9d6c91ec9eefb4f4d586
  md5: 47e340acb35de30501a76c7c799c41d7
  depends:
  - __glibc >=2.17,<3.0.a0
  - libgcc >=13
  license: X11 AND BSD-3-Clause
  size: 891641
  timestamp: 1738195959188
- conda: https://conda.anaconda.org/conda-forge/linux-64/openssl-3.6.1-h35e630c_1.conda
  sha256: 44c877f8af015332a5d12f5ff0fb20ca32f896526a7d0cdb30c769df1144fb5c
  md5: f61eb8cd60ff9057122a3d338b99c00f
  depends:
  - __glibc >=2.17,<3.0.a0
  - ca-certificates
  - libgcc >=14
  license: Apache-2.0
  license_family: Apache
  size: 3164551
  timestamp: 1769555830639
- conda: https://conda.anaconda.org/conda-forge/noarch/packaging-26.0-pyhcf101f3_0.conda
  sha256: c1fc0f953048f743385d31c468b4a678b3ad20caffdeaa94bed85ba63049fd58
  md5: b76541e68fea4d511b1ac46a28dcd2c6
  depends:
  - python >=3.8
  - python
  license: Apache-2.0
  license_family: APACHE
  size: 72010
  timestamp: 1769093650580
- conda: https://conda.anaconda.org/conda-forge/noarch/paramiko-4.0.0-pyhd8ed1ab_0.conda
  sha256: ce76d5a1fc6c7ef636cbdbf14ce2d601a1bfa0dd8d286507c1fd02546fccb94b
  md5: 1a884d2b1ea21abfb73911dcdb8342e4
  depends:
  - bcrypt >=3.2
  - cryptography >=3.3
  - invoke >=2.0
  - pynacl >=1.5
  - python >=3.9
  license: LGPL-2.1-or-later
  license_family: LGPL
  size: 159896
  timestamp: 1755102147074
- conda: https://conda.anaconda.org/conda-forge/noarch/pathspec-1.0.4-pyhd8ed1ab_0.conda
  sha256: 29ea20d0faf20374fcd61c25f6d32fb8e9a2c786a7f1473a0c3ead359470fbe1
  md5: 2908273ac396d2cd210a8127f5f1c0d6
  depends:
  - python >=3.10
  license: MPL-2.0
  license_family: MOZILLA
  size: 53739
  timestamp: 1769677743677
- conda: https://conda.anaconda.org/conda-forge/noarch/platformdirs-4.9.4-pyhcf101f3_0.conda
  sha256: 0289f0a38337ee201d984f8f31f11f6ef076cfbbfd0ab9181d12d9d1d099bf46
  md5: 82c1787f2a65c0155ef9652466ee98d6
  depends:
  - python >=3.10
  - python
  license: MIT
  license_family: MIT
  size: 25646
  timestamp: 1773199142345
- conda: https://conda.anaconda.org/conda-forge/noarch/plumbum-1.10.0-pyhcf101f3_0.conda
  sha256: 972e0c1c9f0b1763d482e885732baef7f9a0cbe8686f5e2c6bdd88838619a59a
  md5: 7fd2e38f4e608f5ebd80f871352c5495
  depends:
  - python >=3.10
  - pywin32-on-windows
  - paramiko
  - importlib_resources
  - python
  license: MIT
  license_family: MIT
  size: 103911
  timestamp: 1761911487086
- conda: https://conda.anaconda.org/conda-forge/noarch/prompt-toolkit-3.0.51-pyha770c72_0.conda
  sha256: ebc1bb62ac612af6d40667da266ff723662394c0ca78935340a5b5c14831227b
  md5: d17ae9db4dc594267181bd199bf9a551
  depends:
  - python >=3.9
  - wcwidth
  constrains:
  - prompt_toolkit 3.0.51
  license: BSD-3-Clause
  license_family: BSD
  size: 271841
  timestamp: 1744724188108
- conda: https://conda.anaconda.org/conda-forge/noarch/prompt_toolkit-3.0.51-hd8ed1ab_0.conda
  sha256: 936189f0373836c1c77cd2d6e71ba1e583e2d3920bf6d015e96ee2d729b5e543
  md5: 1e61ab85dd7c60e5e73d853ea035dc29
  depends:
  - prompt-toolkit >=3.0.51,<3.0.52.0a0
  license: BSD-3-Clause
  license_family: BSD
  size: 7182
  timestamp: 1744724189376
- conda: https://conda.anaconda.org/conda-forge/noarch/pycparser-2.22-pyh29332c3_1.conda
  sha256: 79db7928d13fab2d892592223d7570f5061c192f27b9febd1a418427b719acc6
  md5: 12c566707c80111f9799308d9e265aef
  depends:
  - python >=3.9
  - python
  license: BSD-3-Clause
  license_family: BSD
  size: 110100
  timestamp: 1733195786147
- conda: https://conda.anaconda.org/conda-forge/noarch/pydantic-2.12.5-pyhcf101f3_1.conda
  sha256: 868569d9505b7fe246c880c11e2c44924d7613a8cdcc1f6ef85d5375e892f13d
  md5: c3946ed24acdb28db1b5d63321dbca7d
  depends:
  - typing-inspection >=0.4.2
  - typing_extensions >=4.14.1
  - python >=3.10
  - typing-extensions >=4.6.1
  - annotated-types >=0.6.0
  - pydantic-core ==2.41.5
  - python
  license: MIT
  license_family: MIT
  size: 340482
  timestamp: 1764434463101
- conda: https://conda.anaconda.org/conda-forge/linux-64/pydantic-core-2.41.5-py312h868fb18_1.conda
  sha256: 07f899d035e06598682d3904d55f1529fac71b15e12b61d44d6a5fbf8521b0fe
  md5: 56a776330a7d21db63a7c9d6c3711a04
  depends:
  - python
  - typing-extensions >=4.6.0,!=4.7.0
  - libgcc >=14
  - __glibc >=2.17,<3.0.a0
  - python_abi 3.12.* *_cp312
  constrains:
  - __glibc >=2.17
  license: MIT
  license_family: MIT
  size: 1935221
  timestamp: 1762989004359
- conda: https://conda.anaconda.org/conda-forge/noarch/pygments-2.19.2-pyhd8ed1ab_0.conda
  sha256: 5577623b9f6685ece2697c6eb7511b4c9ac5fb607c9babc2646c811b428fd46a
  md5: 6b6ece66ebcae2d5f326c77ef2c5a066
  depends:
  - python >=3.9
  license: BSD-2-Clause
  license_family: BSD
  size: 889287
  timestamp: 1750615908735
- conda: https://conda.anaconda.org/conda-forge/linux-64/pynacl-1.6.2-py312h587e1b2_1.conda
  sha256: cc84dd07811861c800fb3f0df3fb64ea579adcb518a5daac6e1089baabd697d1
  md5: 6e4d8ed581cc576435d366372054ac71
  depends:
  - __glibc >=2.17,<3.0.a0
  - cffi >=1.4.1
  - libgcc >=14
  - libsodium >=1.0.21,<1.0.22.0a0
  - python >=3.12,<3.13.0a0
  - python_abi 3.12.* *_cp312
  - six
  license: Apache-2.0
  license_family: Apache
  size: 1159724
  timestamp: 1772171238138
- conda: https://conda.anaconda.org/conda-forge/linux-64/python-3.12.0-hab00c5b_0_cpython.conda
  sha256: 5398ebae6a1ccbfd3f76361eac75f3ac071527a8072627c4bf9008c689034f48
  md5: 7f97faab5bebcc2580f4f299285323da
  depends:
  - bzip2 >=1.0.8,<2.0a0
  - ld_impl_linux-64 >=2.36.1
  - libexpat >=2.5.0,<3.0a0
  - libffi >=3.4,<4.0a0
  - libgcc-ng >=12
  - libnsl >=2.0.0,<2.1.0a0
  - libsqlite >=3.43.0,<4.0a0
  - libuuid >=2.38.1,<3.0a0
  - libzlib >=1.2.13,<2.0.0a0
  - ncurses >=6.4,<7.0a0
  - openssl >=3.1.3,<4.0a0
  - readline >=8.2,<9.0a0
  - tk >=8.6.13,<8.7.0a0
  - tzdata
  - xz >=5.2.6,<6.0a0
  constrains:
  - python_abi 3.12.* *_cp312
  license: Python-2.0
  size: 32123473
  timestamp: 1696324522323
- conda: https://conda.anaconda.org/conda-forge/noarch/python_abi-3.12-8_cp312.conda
  build_number: 8
  sha256: 80677180dd3c22deb7426ca89d6203f1c7f1f256f2d5a94dc210f6e758229809
  md5: c3efd25ac4d74b1584d2f7a57195ddf1
  constrains:
  - python 3.12.* *_cpython
  license: BSD-3-Clause
  license_family: BSD
  size: 6958
  timestamp: 1752805918820
- conda: https://conda.anaconda.org/conda-forge/noarch/pywin32-on-windows-0.1.0-pyh1179c8e_3.tar.bz2
  sha256: 6502696aaef571913b22a808b15c185bd8ea4aabb952685deb29e6a6765761cb
  md5: 2807a0becd1d986fe1ef9b7f8135f215
  depends:
  - __unix
  - python >=2.7
  license: BSD-3-Clause
  license_family: BSD
  size: 4856
  timestamp: 1646866525560
- conda: https://conda.anaconda.org/conda-forge/linux-64/pyyaml-6.0.3-py312h8a5da7c_1.conda
  sha256: cb142bfd92f6e55749365ddc244294fa7b64db6d08c45b018ff1c658907bfcbf
  md5: 15878599a87992e44c059731771591cb
  depends:
  - __glibc >=2.17,<3.0.a0
  - libgcc >=14
  - python >=3.12,<3.13.0a0
  - python_abi 3.12.* *_cp312
  - yaml >=0.2.5,<0.3.0a0
  license: MIT
  license_family: MIT
  size: 198293
  timestamp: 1770223620706
- conda: https://conda.anaconda.org/conda-forge/noarch/questionary-2.1.1-pyhd8ed1ab_0.conda
  sha256: 0604c6dff3af5f53e34fceb985395d08287137f220450108a795bcd1959caf14
  md5: 34fa231b5c5927684b03bb296bb94ddc
  depends:
  - prompt_toolkit >=2.0,<4.0
  - python >=3.10
  license: MIT
  license_family: MIT
  size: 31257
  timestamp: 1757356458097
- conda: https://conda.anaconda.org/conda-forge/linux-64/readline-8.3-h853b02a_0.conda
  sha256: 12ffde5a6f958e285aa22c191ca01bbd3d6e710aa852e00618fa6ddc59149002
  md5: d7d95fc8287ea7bf33e0e7116d2b95ec
  depends:
  - __glibc >=2.17,<3.0.a0
  - libgcc >=14
  - ncurses >=6.5,<7.0a0
  license: GPL-3.0-only
  license_family: GPL
  size: 345073
  timestamp: 1765813471974
- conda: https://conda.anaconda.org/conda-forge/noarch/six-1.17.0-pyhe01879c_1.conda
  sha256: 458227f759d5e3fcec5d9b7acce54e10c9e1f4f4b7ec978f3bfd54ce4ee9853d
  md5: 3339e3b65d58accf4ca4fb8748ab16b3
  depends:
  - python >=3.9
  - python
  license: MIT
  license_family: MIT
  size: 18455
  timestamp: 1753199211006
- conda: https://conda.anaconda.org/conda-forge/linux-64/tk-8.6.13-noxft_h366c992_103.conda
  sha256: cafeec44494f842ffeca27e9c8b0c27ed714f93ac77ddadc6aaf726b5554ebac
  md5: cffd3bdd58090148f4cfcd831f4b26ab
  depends:
  - __glibc >=2.17,<3.0.a0
  - libgcc >=14
  - libzlib >=1.3.1,<2.0a0
  constrains:
  - xorg-libx11 >=1.8.12,<2.0a0
  license: TCL
  license_family: BSD
  size: 3301196
  timestamp: 1769460227866
- conda: https://conda.anaconda.org/conda-forge/noarch/typing-extensions-4.15.0-h396c80c_0.conda
  sha256: 7c2df5721c742c2a47b2c8f960e718c930031663ac1174da67c1ed5999f7938c
  md5: edd329d7d3a4ab45dcf905899a7a6115
  depends:
  - typing_extensions ==4.15.0 pyhcf101f3_0
  license: PSF-2.0
  license_family: PSF
  size: 91383
  timestamp: 1756220668932
- conda: https://conda.anaconda.org/conda-forge/noarch/typing-inspection-0.4.2-pyhd8ed1ab_1.conda
  sha256: 70db27de58a97aeb7ba7448366c9853f91b21137492e0b4430251a1870aa8ff4
  md5: a0a4a3035667fc34f29bfbd5c190baa6
  depends:
  - python >=3.10
  - typing_extensions >=4.12.0
  license: MIT
  license_family: MIT
  size: 18923
  timestamp: 1764158430324
- conda: https://conda.anaconda.org/conda-forge/noarch/typing_extensions-4.15.0-pyhcf101f3_0.conda
  sha256: 032271135bca55aeb156cee361c81350c6f3fb203f57d024d7e5a1fc9ef18731
  md5: 0caa1af407ecff61170c9437a808404d
  depends:
  - python >=3.10
  - python
  license: PSF-2.0
  license_family: PSF
  size: 51692
  timestamp: 1756220668932
- conda: https://conda.anaconda.org/conda-forge/noarch/tzdata-2025c-hc9c84f9_1.conda
  sha256: 1d30098909076af33a35017eed6f2953af1c769e273a0626a04722ac4acaba3c
  md5: ad659d0a2b3e47e38d829aa8cad2d610
  license: LicenseRef-Public-Domain
  size: 119135
  timestamp: 1767016325805
- conda: https://conda.anaconda.org/conda-forge/noarch/wcwidth-0.6.0-pyhd8ed1ab_0.conda
  sha256: e298b508b2473c4227206800dfb14c39e4b14fd79d4636132e9e1e4244cdf4aa
  md5: c3197f8c0d5b955c904616b716aca093
  depends:
  - python >=3.10
  license: MIT
  license_family: MIT
  size: 71550
  timestamp: 1770634638503
- conda: https://conda.anaconda.org/conda-forge/linux-64/xz-5.8.2-ha02ee65_0.conda
  sha256: 6d60b1870bdbbaf098bbc7d69e4f4eccb8a6b5e856c2d0aca3c62c0db97e0863
  md5: d34b831f6d6a9b014eb7cf65f6329bba
  depends:
  - __glibc >=2.17,<3.0.a0
  - libgcc >=14
  - liblzma 5.8.2 hb03c661_0
  - liblzma-devel 5.8.2 hb03c661_0
  - xz-gpl-tools 5.8.2 ha02ee65_0
  - xz-tools 5.8.2 hb03c661_0
  license: 0BSD AND LGPL-2.1-or-later AND GPL-2.0-or-later
  size: 24101
  timestamp: 1768752698238
- conda: https://conda.anaconda.org/conda-forge/linux-64/xz-gpl-tools-5.8.2-ha02ee65_0.conda
  sha256: a4876e9fb124665315aedfe96b1a832e2c26312241061d5f990208aaf380da46
  md5: a159fe1e8200dd67fa88ddea9169d25a
  depends:
  - __glibc >=2.17,<3.0.a0
  - libgcc >=14
  - liblzma 5.8.2 hb03c661_0
  constrains:
  - xz 5.8.2.*
  license: 0BSD AND LGPL-2.1-or-later AND GPL-2.0-or-later
  size: 33774
  timestamp: 1768752679459
- conda: https://conda.anaconda.org/conda-forge/linux-64/xz-tools-5.8.2-hb03c661_0.conda
  sha256: 65c8a236b89a4ad24565a986b7c00b8cb2906af52fd9963730c44ea56a9fde9a
  md5: dfd6129671f782988d665354e7aa269d
  depends:
  - __glibc >=2.17,<3.0.a0
  - libgcc >=14
  - liblzma 5.8.2 hb03c661_0
  constrains:
  - xz 5.8.2.*
  license: 0BSD AND LGPL-2.1-or-later
  size: 96093
  timestamp: 1768752662020
- conda: https://conda.anaconda.org/conda-forge/linux-64/yaml-0.2.5-h280c20c_3.conda
  sha256: 6d9ea2f731e284e9316d95fa61869fe7bbba33df7929f82693c121022810f4ad
  md5: a77f85f77be52ff59391544bfe73390a
  depends:
  - libgcc >=14
  - __glibc >=2.17,<3.0.a0
  license: MIT
  license_family: MIT
  size: 85189
  timestamp: 1753484064210
- conda: https://conda.anaconda.org/conda-forge/noarch/zipp-3.23.0-pyhcf101f3_1.conda
  sha256: b4533f7d9efc976511a73ef7d4a2473406d7f4c750884be8e8620b0ce70f4dae
  md5: 30cd29cb87d819caead4d55184c1d115
  depends:
  - python >=3.10
  - python
  license: MIT
  license_family: MIT
  size: 24194
  timestamp: 1764460141901
- conda: https://conda.anaconda.org/conda-forge/linux-64/zstd-1.5.7-hb78ec9c_6.conda
  sha256: 68f0206ca6e98fea941e5717cec780ed2873ffabc0e1ed34428c061e2c6268c7
  md5: 4a13eeac0b5c8e5b8ab496e6c4ddd829
  depends:
  - __glibc >=2.17,<3.0.a0
  - libzlib >=1.3.1,<2.0a0
  license: BSD-3-Clause
  license_family: BSD
  size: 601375
  timestamp: 1764777111296
